
Microsoft Visual Studio Solution File, Format Version 12.00
# Visual Studio Version 16
VisualStudioVersion = 16.0.29201.188
MinimumVisualStudioVersion = 10.0.40219.1
Project("{9A19103F-16F7-4668-BE54-9A1E7A4F7556}") = "MetaApp", "MetaApp\MetaApp.csproj", "{D2A83770-D6A4-4046-B316-FEB4BB353476}"
EndProject
Project("{FAE04EC0-301F-11D3-BF4B-00C04F79EFBC}") = "MetaApp.Tests", "MetaApp.Tests\MetaApp.Tests.csproj", "{A9001577-C2F5-4AD8-AD90-3DD95DAB691E}"
EndProject
Global
	GlobalSection(SolutionConfigurationPlatforms) = preSolution
		Debug|Any CPU = Debug|Any CPU
		Release|Any CPU = Release|Any CPU
	EndGlobalSection
	GlobalSection(ProjectConfigurationPlatforms) = postSolution
		{D2A83770-D6A4-4046-B316-FEB4BB353476}.Debug|Any CPU.ActiveCfg = Debug|Any CPU
		{D2A83770-D6A4-4046-B316-FEB4BB353476}.Debug|Any CPU.Build.0 = Debug|Any CPU
		{D2A83770-D6A4-4046-B316-FEB4BB353476}.Release|Any CPU.ActiveCfg = Release|Any CPU
		{D2A83770-D6A4-4046-B316-FEB4BB353476}.Release|Any CPU.Build.0 = Release|Any CPU
		{A9001577-C2F5-4AD8-AD90-3DD95DAB691E}.Debug|Any CPU.ActiveCfg = Debug|Any CPU
		{A9001577-C2F5-4AD8-AD90-3DD95DAB691E}.Debug|Any CPU.Build.0 = Debug|Any CPU
		{A9001577-C2F5-4AD8-AD90-3DD95DAB691E}.Release|Any CPU.ActiveCfg = Release|Any CPU
		{A9001577-C2F5-4AD8-AD90-3DD95DAB691E}.Release|Any CPU.Build.0 = Release|Any CPU
	EndGlobalSection
	GlobalSection(SolutionProperties) = preSolution
		HideSolutionNode = FALSE
	EndGlobalSection
	GlobalSection(ExtensibilityGlobals) = postSolution
		SolutionGuid = {1AB98FED-F4B9-43AD-A9CC-E1336A99B170}
	EndGlobalSection
EndGlobal
